{
  "name": "dnsmasq-logparser",
  "version": "1.0.0",
  "lockfileVersion": 2,
  "requires": true,
  "packages": {
    "": {
      "name": "dnsmasq-logparser",
      "version": "1.0.0",
      "license": "ISC",
      "dependencies": {
        "tail": "^2.2.4"
      },
      "devDependencies": {
        "supervisor": "^0.12.0"
      }
    },
    "node_modules/supervisor": {
      "version": "0.12.0",
      "resolved": "http://verdaccio.service.consul:4873/supervisor/-/supervisor-0.12.0.tgz",
      "integrity": "sha1-3n5jNwFbKRhRwQ81OMSn8EkX7ME=",
      "dev": true,
      "license": "MIT",
      "bin": {
        "node-supervisor": "lib/cli-wrapper.js",
        "supervisor": "lib/cli-wrapper.js"
      },
      "engines": {
        "node": ">=0.6.0"
      }
    },
    "node_modules/tail": {
      "version": "2.2.4",
      "resolved": "http://verdaccio.service.consul:4873/tail/-/tail-2.2.4.tgz",
      "integrity": "sha512-PX8klSxW1u3SdgDrDeewh5GNE+hkJ4h02JvHfV6YrHqWOVJ88nUdSQqtsUf/gWhgZlPAws3fiZ+F1f8euspcuQ==",
      "license": "MIT",
      "engines": {
        "node": ">= 6.0.0"
      }
    }
  },
  "dependencies": {
    "supervisor": {
      "version": "0.12.0",
      "resolved": "http://verdaccio.service.consul:4873/supervisor/-/supervisor-0.12.0.tgz",
      "integrity": "sha1-3n5jNwFbKRhRwQ81OMSn8EkX7ME=",
      "dev": true
    },
    "tail": {
      "version": "2.2.4",
      "resolved": "http://verdaccio.service.consul:4873/tail/-/tail-2.2.4.tgz",
      "integrity": "sha512-PX8klSxW1u3SdgDrDeewh5GNE+hkJ4h02JvHfV6YrHqWOVJ88nUdSQqtsUf/gWhgZlPAws3fiZ+F1f8euspcuQ=="
    }
  }
}
